// !$*UTF8*$!
{
	archiveVersion = 1;
	classes = {
	};
	objectVersion = 56;
	objects = {

/* Begin PBXBuildFile section */
		A10001 /* VibeAnywhereApp.swift in Sources */ = {isa = PBXBuildFile; fileRef = A20001; };
		A10002 /* ContentView.swift in Sources */ = {isa = PBXBuildFile; fileRef = A20002; };
		A10003 /* Assets.xcassets in Resources */ = {isa = PBXBuildFile; fileRef = A20003; };
		A10004 /* Message.swift in Sources */ = {isa = PBXBuildFile; fileRef = A20004; };
		A10005 /* Session.swift in Sources */ = {isa = PBXBuildFile; fileRef = A20005; };
		A10006 /* WebSocketService.swift in Sources */ = {isa = PBXBuildFile; fileRef = A20006; };
		A10007 /* KeychainService.swift in Sources */ = {isa = PBXBuildFile; fileRef = A20007; };
		A10008 /* ConnectionConfig.swift in Sources */ = {isa = PBXBuildFile; fileRef = A20008; };
		A10009 /* SettingsView.swift in Sources */ = {isa = PBXBuildFile; fileRef = A20009; };
		A10010 /* SessionListView.swift in Sources */ = {isa = PBXBuildFile; fileRef = A20010; };
		A10011 /* NewSessionView.swift in Sources */ = {isa = PBXBuildFile; fileRef = A20011; };
		A10012 /* SessionViewModel.swift in Sources */ = {isa = PBXBuildFile; fileRef = A20012; };
		A10013 /* ChatViewModel.swift in Sources */ = {isa = PBXBuildFile; fileRef = A20013; };
		A10014 /* ChatView.swift in Sources */ = {isa = PBXBuildFile; fileRef = A20014; };
		A10015 /* MessageBubble.swift in Sources */ = {isa = PBXBuildFile; fileRef = A20015; };
		A10018 /* PermissionViews.swift in Sources */ = {isa = PBXBuildFile; fileRef = A20019; };
		A10016 /* ConnectionConfigTests.swift in Sources */ = {isa = PBXBuildFile; fileRef = A20016; };
		A10017 /* MessageCodingTests.swift in Sources */ = {isa = PBXBuildFile; fileRef = A20017; };
/* End PBXBuildFile section */

/* Begin PBXContainerItemProxy section */
		A90001 = {
			isa = PBXContainerItemProxy;
			containerPortal = A50000 /* Project object */;
			proxyType = 1;
			remoteGlobalIDString = A50001;
			remoteInfo = VibeAnywhere;
		};
/* End PBXContainerItemProxy section */

/* Begin PBXFileReference section */
		A20000 /* VibeAnywhere.app */ = {isa = PBXFileReference; explicitFileType = wrapper.application; includeInIndex = 0; path = VibeAnywhere.app; sourceTree = BUILT_PRODUCTS_DIR; };
		A20001 /* VibeAnywhereApp.swift */ = {isa = PBXFileReference; lastKnownFileType = sourcecode.swift; path = VibeAnywhereApp.swift; sourceTree = "<group>"; };
		A20002 /* ContentView.swift */ = {isa = PBXFileReference; lastKnownFileType = sourcecode.swift; path = ContentView.swift; sourceTree = "<group>"; };
		A20003 /* Assets.xcassets */ = {isa = PBXFileReference; lastKnownFileType = folder.assetcatalog; path = Assets.xcassets; sourceTree = "<group>"; };
		A20004 /* Message.swift */ = {isa = PBXFileReference; lastKnownFileType = sourcecode.swift; path = Message.swift; sourceTree = "<group>"; };
		A20005 /* Session.swift */ = {isa = PBXFileReference; lastKnownFileType = sourcecode.swift; path = Session.swift; sourceTree = "<group>"; };
		A20006 /* WebSocketService.swift */ = {isa = PBXFileReference; lastKnownFileType = sourcecode.swift; path = WebSocketService.swift; sourceTree = "<group>"; };
		A20007 /* KeychainService.swift */ = {isa = PBXFileReference; lastKnownFileType = sourcecode.swift; path = KeychainService.swift; sourceTree = "<group>"; };
		A20008 /* ConnectionConfig.swift */ = {isa = PBXFileReference; lastKnownFileType = sourcecode.swift; path = ConnectionConfig.swift; sourceTree = "<group>"; };
		A20009 /* SettingsView.swift */ = {isa = PBXFileReference; lastKnownFileType = sourcecode.swift; path = SettingsView.swift; sourceTree = "<group>"; };
		A20010 /* SessionListView.swift */ = {isa = PBXFileReference; lastKnownFileType = sourcecode.swift; path = SessionListView.swift; sourceTree = "<group>"; };
		A20011 /* NewSessionView.swift */ = {isa = PBXFileReference; lastKnownFileType = sourcecode.swift; path = NewSessionView.swift; sourceTree = "<group>"; };
		A20012 /* SessionViewModel.swift */ = {isa = PBXFileReference; lastKnownFileType = sourcecode.swift; path = SessionViewModel.swift; sourceTree = "<group>"; };
		A20013 /* ChatViewModel.swift */ = {isa = PBXFileReference; lastKnownFileType = sourcecode.swift; path = ChatViewModel.swift; sourceTree = "<group>"; };
		A20014 /* ChatView.swift */ = {isa = PBXFileReference; lastKnownFileType = sourcecode.swift; path = ChatView.swift; sourceTree = "<group>"; };
		A20015 /* MessageBubble.swift */ = {isa = PBXFileReference; lastKnownFileType = sourcecode.swift; path = MessageBubble.swift; sourceTree = "<group>"; };
		A20019 /* PermissionViews.swift */ = {isa = PBXFileReference; lastKnownFileType = sourcecode.swift; path = PermissionViews.swift; sourceTree = "<group>"; };
		A20016 /* ConnectionConfigTests.swift */ = {isa = PBXFileReference; lastKnownFileType = sourcecode.swift; path = ConnectionConfigTests.swift; sourceTree = "<group>"; };
		A20017 /* MessageCodingTests.swift */ = {isa = PBXFileReference; lastKnownFileType = sourcecode.swift; path = MessageCodingTests.swift; sourceTree = "<group>"; };
		A20018 /* VibeAnywhereTests.xctest */ = {isa = PBXFileReference; explicitFileType = wrapper.cfbundle; includeInIndex = 0; path = VibeAnywhereTests.xctest; sourceTree = BUILT_PRODUCTS_DIR; };
/* End PBXFileReference section */

/* Begin PBXFrameworksBuildPhase section */
		A30001 /* Frameworks */ = {
			isa = PBXFrameworksBuildPhase;
			buildActionMask = 2147483647;
			files = (
			);
			runOnlyForDeploymentPostprocessing = 0;
		};
		A30002 /* Frameworks */ = {
			isa = PBXFrameworksBuildPhase;
			buildActionMask = 2147483647;
			files = (
			);
			runOnlyForDeploymentPostprocessing = 0;
		};
/* End PBXFrameworksBuildPhase section */

/* Begin PBXGroup section */
		A40000 = {
			isa = PBXGroup;
			children = (
				A40001 /* VibeAnywhere */,
				A40007 /* VibeAnywhereTests */,
				A40005 /* Products */,
			);
			sourceTree = "<group>";
		};
		A40001 /* VibeAnywhere */ = {
			isa = PBXGroup;
			children = (
				A20001 /* VibeAnywhereApp.swift */,
				A20002 /* ContentView.swift */,
				A20003 /* Assets.xcassets */,
				A40002 /* Models */,
				A40003 /* Services */,
				A40004 /* Views */,
				A40006 /* ViewModels */,
			);
			path = VibeAnywhere;
			sourceTree = "<group>";
		};
		A40002 /* Models */ = {
			isa = PBXGroup;
			children = (
				A20004 /* Message.swift */,
				A20005 /* Session.swift */,
				A20008 /* ConnectionConfig.swift */,
			);
			path = Models;
			sourceTree = "<group>";
		};
		A40003 /* Services */ = {
			isa = PBXGroup;
			children = (
				A20006 /* WebSocketService.swift */,
				A20007 /* KeychainService.swift */,
			);
			path = Services;
			sourceTree = "<group>";
		};
		A40004 /* Views */ = {
			isa = PBXGroup;
			children = (
				A20009 /* SettingsView.swift */,
				A20010 /* SessionListView.swift */,
				A20011 /* NewSessionView.swift */,
				A20014 /* ChatView.swift */,
				A20015 /* MessageBubble.swift */,
				A20019 /* PermissionViews.swift */,
			);
			path = Views;
			sourceTree = "<group>";
		};
		A40006 /* ViewModels */ = {
			isa = PBXGroup;
			children = (
				A20012 /* SessionViewModel.swift */,
				A20013 /* ChatViewModel.swift */,
			);
			path = ViewModels;
			sourceTree = "<group>";
		};
		A40005 /* Products */ = {
			isa = PBXGroup;
			children = (
				A20000 /* VibeAnywhere.app */,
				A20018 /* VibeAnywhereTests.xctest */,
			);
			name = Products;
			sourceTree = "<group>";
		};
		A40007 /* VibeAnywhereTests */ = {
			isa = PBXGroup;
			children = (
				A20016 /* ConnectionConfigTests.swift */,
				A20017 /* MessageCodingTests.swift */,
			);
			path = VibeAnywhereTests;
			sourceTree = "<group>";
		};
/* End PBXGroup section */

/* Begin PBXNativeTarget section */
		A50001 /* VibeAnywhere */ = {
			isa = PBXNativeTarget;
			buildConfigurationList = A70001 /* Build configuration list for PBXNativeTarget "VibeAnywhere" */;
			buildPhases = (
				A60001 /* Sources */,
				A30001 /* Frameworks */,
				A60002 /* Resources */,
			);
			buildRules = (
			);
			dependencies = (
			);
			name = VibeAnywhere;
			productName = VibeAnywhere;
			productReference = A20000 /* VibeAnywhere.app */;
			productType = "com.apple.product-type.application";
		};
		A50002 /* VibeAnywhereTests */ = {
			isa = PBXNativeTarget;
			buildConfigurationList = A70002 /* Build configuration list for PBXNativeTarget "VibeAnywhereTests" */;
			buildPhases = (
				A60003 /* Sources */,
				A30002 /* Frameworks */,
			);
			buildRules = (
			);
			dependencies = (
				A90002 /* PBXTargetDependency */,
			);
			name = VibeAnywhereTests;
			productName = VibeAnywhereTests;
			productReference = A20018 /* VibeAnywhereTests.xctest */;
			productType = "com.apple.product-type.bundle.unit-test";
		};
/* End PBXNativeTarget section */

/* Begin PBXTargetDependency section */
		A90002 = {
			isa = PBXTargetDependency;
			target = A50001 /* VibeAnywhere */;
			targetProxy = A90001;
		};
/* End PBXTargetDependency section */

/* Begin PBXProject section */
		A50000 /* Project object */ = {
			isa = PBXProject;
			attributes = {
				BuildIndependentTargetsInParallel = 1;
				LastSwiftUpdateCheck = 1600;
				LastUpgradeCheck = 1600;
				TargetAttributes = {
					A50001 = {
						CreatedOnToolsVersion = 16.0;
					};
					A50002 = {
						CreatedOnToolsVersion = 16.0;
						TestTargetID = A50001;
					};
				};
			};
			buildConfigurationList = A70000 /* Build configuration list for PBXProject "VibeAnywhere" */;
			compatibilityVersion = "Xcode 14.0";
			developmentRegion = en;
			hasScannedForEncodings = 0;
			knownRegions = (
				en,
				Base,
			);
			mainGroup = A40000;
			productRefGroup = A40005 /* Products */;
			projectDirPath = "";
			projectRoot = "";
			targets = (
				A50001 /* VibeAnywhere */,
				A50002 /* VibeAnywhereTests */,
			);
		};
/* End PBXProject section */

/* Begin PBXResourcesBuildPhase section */
		A60002 /* Resources */ = {
			isa = PBXResourcesBuildPhase;
			buildActionMask = 2147483647;
			files = (
				A10003 /* Assets.xcassets in Resources */,
			);
			runOnlyForDeploymentPostprocessing = 0;
		};
/* End PBXResourcesBuildPhase section */

/* Begin PBXSourcesBuildPhase section */
		A60001 /* Sources */ = {
			isa = PBXSourcesBuildPhase;
			buildActionMask = 2147483647;
			files = (
				A10001 /* VibeAnywhereApp.swift in Sources */,
				A10002 /* ContentView.swift in Sources */,
				A10004 /* Message.swift in Sources */,
				A10005 /* Session.swift in Sources */,
				A10006 /* WebSocketService.swift in Sources */,
				A10007 /* KeychainService.swift in Sources */,
				A10008 /* ConnectionConfig.swift in Sources */,
				A10009 /* SettingsView.swift in Sources */,
				A10010 /* SessionListView.swift in Sources */,
				A10011 /* NewSessionView.swift in Sources */,
				A10012 /* SessionViewModel.swift in Sources */,
				A10013 /* ChatViewModel.swift in Sources */,
				A10014 /* ChatView.swift in Sources */,
				A10015 /* MessageBubble.swift in Sources */,
				A10018 /* PermissionViews.swift in Sources */,
			);
			runOnlyForDeploymentPostprocessing = 0;
		};
		A60003 /* Sources */ = {
			isa = PBXSourcesBuildPhase;
			buildActionMask = 2147483647;
			files = (
				A10016 /* ConnectionConfigTests.swift in Sources */,
				A10017 /* MessageCodingTests.swift in Sources */,
			);
			runOnlyForDeploymentPostprocessing = 0;
		};
/* End PBXSourcesBuildPhase section */

/* Begin XCBuildConfiguration section */
		A80001 /* Debug */ = {
			isa = XCBuildConfiguration;
			buildSettings = {
				ALWAYS_SEARCH_USER_PATHS = NO;
				ASSETCATALOG_COMPILER_GENERATE_SWIFT_ASSET_SYMBOL_EXTENSIONS = YES;
				CLANG_ANALYZER_NONNULL = YES;
				CLANG_CXX_LANGUAGE_STANDARD = "gnu++20";
				CLANG_ENABLE_MODULES = YES;
				CLANG_ENABLE_OBJC_ARC = YES;
				COPY_PHASE_STRIP = NO;
				DEBUG_INFORMATION_FORMAT = dwarf;
				ENABLE_STRICT_OBJC_MSGSEND = YES;
				ENABLE_TESTABILITY = YES;
				GCC_DYNAMIC_NO_PIC = NO;
				GCC_OPTIMIZATION_LEVEL = 0;
				GCC_WARN_ABOUT_RETURN_TYPE = YES_ERROR;
				GCC_WARN_UNINITIALIZED_AUTOS = YES_AGGRESSIVE;
				IPHONEOS_DEPLOYMENT_TARGET = 17.0;
				MTL_ENABLE_DEBUG_INFO = INCLUDE_SOURCE;
				ONLY_ACTIVE_ARCH = YES;
				SDKROOT = iphoneos;
				SWIFT_ACTIVE_COMPILATION_CONDITIONS = "DEBUG";
				SWIFT_OPTIMIZATION_LEVEL = "-Onone";
			};
			name = Debug;
		};
		A80002 /* Release */ = {
			isa = XCBuildConfiguration;
			buildSettings = {
				ALWAYS_SEARCH_USER_PATHS = NO;
				ASSETCATALOG_COMPILER_GENERATE_SWIFT_ASSET_SYMBOL_EXTENSIONS = YES;
				CLANG_ANALYZER_NONNULL = YES;
				CLANG_CXX_LANGUAGE_STANDARD = "gnu++20";
				CLANG_ENABLE_MODULES = YES;
				CLANG_ENABLE_OBJC_ARC = YES;
				COPY_PHASE_STRIP = NO;
				DEBUG_INFORMATION_FORMAT = "dwarf-with-dsym";
				ENABLE_NS_ASSERTIONS = NO;
				ENABLE_STRICT_OBJC_MSGSEND = YES;
				GCC_WARN_ABOUT_RETURN_TYPE = YES_ERROR;
				GCC_WARN_UNINITIALIZED_AUTOS = YES_AGGRESSIVE;
				IPHONEOS_DEPLOYMENT_TARGET = 17.0;
				SDKROOT = iphoneos;
				SWIFT_COMPILATION_MODE = wholemodule;
				VALIDATE_PRODUCT = YES;
			};
			name = Release;
		};
		A80003 /* Debug */ = {
			isa = XCBuildConfiguration;
			buildSettings = {
				ASSETCATALOG_COMPILER_APPICON_NAME = AppIcon;
				ASSETCATALOG_COMPILER_GLOBAL_ACCENT_COLOR_NAME = AccentColor;
				CODE_SIGN_STYLE = Automatic;
				CURRENT_PROJECT_VERSION = 1;
				DEVELOPMENT_TEAM = "";
				GENERATE_INFOPLIST_FILE = YES;
				INFOPLIST_KEY_UIApplicationSceneManifest_Generation = YES;
				INFOPLIST_KEY_UIApplicationSupportsIndirectInputEvents = YES;
				INFOPLIST_KEY_UILaunchScreen_Generation = YES;
				INFOPLIST_KEY_UISupportedInterfaceOrientations_iPad = "UIInterfaceOrientationPortrait UIInterfaceOrientationPortraitUpsideDown UIInterfaceOrientationLandscapeLeft UIInterfaceOrientationLandscapeRight";
				INFOPLIST_KEY_UISupportedInterfaceOrientations_iPhone = "UIInterfaceOrientationPortrait UIInterfaceOrientationLandscapeLeft UIInterfaceOrientationLandscapeRight";
				LD_RUNPATH_SEARCH_PATHS = (
					"$(inherited)",
					"@executable_path/Frameworks",
				);
				MARKETING_VERSION = 0.1.0;
				PRODUCT_BUNDLE_IDENTIFIER = com.ghostcomplex.VibeAnywhere;
				PRODUCT_NAME = "$(TARGET_NAME)";
				SWIFT_EMIT_LOC_STRINGS = YES;
				SWIFT_STRICT_CONCURRENCY = complete;
				SWIFT_VERSION = 6.0;
				TARGETED_DEVICE_FAMILY = "1,2";
			};
			name = Debug;
		};
		A80004 /* Release */ = {
			isa = XCBuildConfiguration;
			buildSettings = {
				ASSETCATALOG_COMPILER_APPICON_NAME = AppIcon;
				ASSETCATALOG_COMPILER_GLOBAL_ACCENT_COLOR_NAME = AccentColor;
				CODE_SIGN_STYLE = Automatic;
				CURRENT_PROJECT_VERSION = 1;
				DEVELOPMENT_TEAM = "";
				GENERATE_INFOPLIST_FILE = YES;
				INFOPLIST_KEY_UIApplicationSceneManifest_Generation = YES;
				INFOPLIST_KEY_UIApplicationSupportsIndirectInputEvents = YES;
				INFOPLIST_KEY_UILaunchScreen_Generation = YES;
				INFOPLIST_KEY_UISupportedInterfaceOrientations_iPad = "UIInterfaceOrientationPortrait UIInterfaceOrientationPortraitUpsideDown UIInterfaceOrientationLandscapeLeft UIInterfaceOrientationLandscapeRight";
				INFOPLIST_KEY_UISupportedInterfaceOrientations_iPhone = "UIInterfaceOrientationPortrait UIInterfaceOrientationLandscapeLeft UIInterfaceOrientationLandscapeRight";
				LD_RUNPATH_SEARCH_PATHS = (
					"$(inherited)",
					"@executable_path/Frameworks",
				);
				MARKETING_VERSION = 0.1.0;
				PRODUCT_BUNDLE_IDENTIFIER = com.ghostcomplex.VibeAnywhere;
				PRODUCT_NAME = "$(TARGET_NAME)";
				SWIFT_EMIT_LOC_STRINGS = YES;
				SWIFT_STRICT_CONCURRENCY = complete;
				SWIFT_VERSION = 6.0;
				TARGETED_DEVICE_FAMILY = "1,2";
			};
			name = Release;
		};
		A80005 /* Debug */ = {
			isa = XCBuildConfiguration;
			buildSettings = {
				BUNDLE_LOADER = "$(TEST_HOST)";
				CODE_SIGN_STYLE = Automatic;
				CURRENT_PROJECT_VERSION = 1;
				GENERATE_INFOPLIST_FILE = YES;
				IPHONEOS_DEPLOYMENT_TARGET = 17.0;
				PRODUCT_BUNDLE_IDENTIFIER = com.ghostcomplex.VibeAnywhereTests;
				PRODUCT_NAME = "$(TARGET_NAME)";
				SWIFT_EMIT_LOC_STRINGS = NO;
				SWIFT_STRICT_CONCURRENCY = complete;
				SWIFT_VERSION = 6.0;
				TARGETED_DEVICE_FAMILY = "1,2";
				TEST_HOST = "$(BUILT_PRODUCTS_DIR)/VibeAnywhere.app/$(BUNDLE_EXECUTABLE_FOLDER_PATH)/VibeAnywhere";
			};
			name = Debug;
		};
		A80006 /* Release */ = {
			isa = XCBuildConfiguration;
			buildSettings = {
				BUNDLE_LOADER = "$(TEST_HOST)";
				CODE_SIGN_STYLE = Automatic;
				CURRENT_PROJECT_VERSION = 1;
				GENERATE_INFOPLIST_FILE = YES;
				IPHONEOS_DEPLOYMENT_TARGET = 17.0;
				PRODUCT_BUNDLE_IDENTIFIER = com.ghostcomplex.VibeAnywhereTests;
				PRODUCT_NAME = "$(TARGET_NAME)";
				SWIFT_EMIT_LOC_STRINGS = NO;
				SWIFT_STRICT_CONCURRENCY = complete;
				SWIFT_VERSION = 6.0;
				TARGETED_DEVICE_FAMILY = "1,2";
				TEST_HOST = "$(BUILT_PRODUCTS_DIR)/VibeAnywhere.app/$(BUNDLE_EXECUTABLE_FOLDER_PATH)/VibeAnywhere";
			};
			name = Release;
		};
/* End XCBuildConfiguration section */

/* Begin XCConfigurationList section */
		A70000 /* Build configuration list for PBXProject "VibeAnywhere" */ = {
			isa = XCConfigurationList;
			buildConfigurations = (
				A80001 /* Debug */,
				A80002 /* Release */,
			);
			defaultConfigurationIsVisible = 0;
			defaultConfigurationName = Release;
		};
		A70001 /* Build configuration list for PBXNativeTarget "VibeAnywhere" */ = {
			isa = XCConfigurationList;
			buildConfigurations = (
				A80003 /* Debug */,
				A80004 /* Release */,
			);
			defaultConfigurationIsVisible = 0;
			defaultConfigurationName = Release;
		};
		A70002 /* Build configuration list for PBXNativeTarget "VibeAnywhereTests" */ = {
			isa = XCConfigurationList;
			buildConfigurations = (
				A80005 /* Debug */,
				A80006 /* Release */,
			);
			defaultConfigurationIsVisible = 0;
			defaultConfigurationName = Release;
		};
/* End XCConfigurationList section */
	};
	rootObject = A50000 /* Project object */;
}
